
Microsoft Visual Studio Solution File, Format Version 12.00
# Visual Studio 15
VisualStudioVersion = 15.0.28010.2026
MinimumVisualStudioVersion = 10.0.40219.1
Project("{FAE04EC0-301F-11D3-BF4B-00C04F79EFBC}") = "5FindMaximumAndMinimumTemperature", "5FindMaximumAndMinimumTemperature\5FindMaximumAndMinimumTemperature.csproj", "{A3F38EEE-23E2-4249-9A84-2E4A7986383B}"
EndProject
Global
	GlobalSection(SolutionConfigurationPlatforms) = preSolution
		Debug|Any CPU = Debug|Any CPU
		Release|Any CPU = Release|Any CPU
	EndGlobalSection
	GlobalSection(ProjectConfigurationPlatforms) = postSolution
		{A3F38EEE-23E2-4249-9A84-2E4A7986383B}.Debug|Any CPU.ActiveCfg = Debug|Any CPU
		{A3F38EEE-23E2-4249-9A84-2E4A7986383B}.Debug|Any CPU.Build.0 = Debug|Any CPU
		{A3F38EEE-23E2-4249-9A84-2E4A7986383B}.Release|Any CPU.ActiveCfg = Release|Any CPU
		{A3F38EEE-23E2-4249-9A84-2E4A7986383B}.Release|Any CPU.Build.0 = Release|Any CPU
	EndGlobalSection
	GlobalSection(SolutionProperties) = preSolution
		HideSolutionNode = FALSE
	EndGlobalSection
	GlobalSection(ExtensibilityGlobals) = postSolution
		SolutionGuid = {B7BFF7E1-DC62-4710-B59C-9F806AD3BD1B}
	EndGlobalSection
EndGlobal
