
Microsoft Visual Studio Solution File, Format Version 12.00
# Visual Studio 15
VisualStudioVersion = 15.0.28010.2026
MinimumVisualStudioVersion = 10.0.40219.1
Project("{FAE04EC0-301F-11D3-BF4B-00C04F79EFBC}") = "13IndianRupeesFormat", "13IndianRupeesFormat\13IndianRupeesFormat.csproj", "{423334B3-87DF-475D-AB67-0227C48A6306}"
EndProject
Global
	GlobalSection(SolutionConfigurationPlatforms) = preSolution
		Debug|Any CPU = Debug|Any CPU
		Release|Any CPU = Release|Any CPU
	EndGlobalSection
	GlobalSection(ProjectConfigurationPlatforms) = postSolution
		{423334B3-87DF-475D-AB67-0227C48A6306}.Debug|Any CPU.ActiveCfg = Debug|Any CPU
		{423334B3-87DF-475D-AB67-0227C48A6306}.Debug|Any CPU.Build.0 = Debug|Any CPU
		{423334B3-87DF-475D-AB67-0227C48A6306}.Release|Any CPU.ActiveCfg = Release|Any CPU
		{423334B3-87DF-475D-AB67-0227C48A6306}.Release|Any CPU.Build.0 = Release|Any CPU
	EndGlobalSection
	GlobalSection(SolutionProperties) = preSolution
		HideSolutionNode = FALSE
	EndGlobalSection
	GlobalSection(ExtensibilityGlobals) = postSolution
		SolutionGuid = {5F5FE4A1-D3CE-4884-A13D-42CAEEE29859}
	EndGlobalSection
EndGlobal
