
Microsoft Visual Studio Solution File, Format Version 12.00
# Visual Studio 15
VisualStudioVersion = 15.0.28010.2026
MinimumVisualStudioVersion = 10.0.40219.1
Project("{FAE04EC0-301F-11D3-BF4B-00C04F79EFBC}") = "4LastSamplesOfANumber", "4LastSamplesOfANumber\4LastSamplesOfANumber.csproj", "{C09CF72F-F1E0-46F6-839F-F7F7A19EB35C}"
EndProject
Global
	GlobalSection(SolutionConfigurationPlatforms) = preSolution
		Debug|Any CPU = Debug|Any CPU
		Release|Any CPU = Release|Any CPU
	EndGlobalSection
	GlobalSection(ProjectConfigurationPlatforms) = postSolution
		{C09CF72F-F1E0-46F6-839F-F7F7A19EB35C}.Debug|Any CPU.ActiveCfg = Debug|Any CPU
		{C09CF72F-F1E0-46F6-839F-F7F7A19EB35C}.Debug|Any CPU.Build.0 = Debug|Any CPU
		{C09CF72F-F1E0-46F6-839F-F7F7A19EB35C}.Release|Any CPU.ActiveCfg = Release|Any CPU
		{C09CF72F-F1E0-46F6-839F-F7F7A19EB35C}.Release|Any CPU.Build.0 = Release|Any CPU
	EndGlobalSection
	GlobalSection(SolutionProperties) = preSolution
		HideSolutionNode = FALSE
	EndGlobalSection
	GlobalSection(ExtensibilityGlobals) = postSolution
		SolutionGuid = {00E6E812-E477-4A45-B5EE-0E6FD00904FD}
	EndGlobalSection
EndGlobal
