
Microsoft Visual Studio Solution File, Format Version 12.00
# Visual Studio 15
VisualStudioVersion = 15.0.28010.2026
MinimumVisualStudioVersion = 10.0.40219.1
Project("{FAE04EC0-301F-11D3-BF4B-00C04F79EFBC}") = "60TransposeOfMatrix", "60TransposeOfMatrix\60TransposeOfMatrix.csproj", "{81627498-7AED-41E8-9D70-A138BD3ECA4A}"
EndProject
Global
	GlobalSection(SolutionConfigurationPlatforms) = preSolution
		Debug|Any CPU = Debug|Any CPU
		Release|Any CPU = Release|Any CPU
	EndGlobalSection
	GlobalSection(ProjectConfigurationPlatforms) = postSolution
		{81627498-7AED-41E8-9D70-A138BD3ECA4A}.Debug|Any CPU.ActiveCfg = Debug|Any CPU
		{81627498-7AED-41E8-9D70-A138BD3ECA4A}.Debug|Any CPU.Build.0 = Debug|Any CPU
		{81627498-7AED-41E8-9D70-A138BD3ECA4A}.Release|Any CPU.ActiveCfg = Release|Any CPU
		{81627498-7AED-41E8-9D70-A138BD3ECA4A}.Release|Any CPU.Build.0 = Release|Any CPU
	EndGlobalSection
	GlobalSection(SolutionProperties) = preSolution
		HideSolutionNode = FALSE
	EndGlobalSection
	GlobalSection(ExtensibilityGlobals) = postSolution
		SolutionGuid = {2606E478-52E6-49A5-8BCD-EF4D3BA9D956}
	EndGlobalSection
EndGlobal
