
Microsoft Visual Studio Solution File, Format Version 12.00
# Visual Studio 15
VisualStudioVersion = 15.0.28010.2026
MinimumVisualStudioVersion = 10.0.40219.1
Project("{FAE04EC0-301F-11D3-BF4B-00C04F79EFBC}") = "16NumberOccurrenceInArray", "16NumberOccurrenceInArray\16NumberOccurrenceInArray.csproj", "{399B3170-14F8-48ED-A211-8C1E1D03A59C}"
EndProject
Global
	GlobalSection(SolutionConfigurationPlatforms) = preSolution
		Debug|Any CPU = Debug|Any CPU
		Release|Any CPU = Release|Any CPU
	EndGlobalSection
	GlobalSection(ProjectConfigurationPlatforms) = postSolution
		{399B3170-14F8-48ED-A211-8C1E1D03A59C}.Debug|Any CPU.ActiveCfg = Debug|Any CPU
		{399B3170-14F8-48ED-A211-8C1E1D03A59C}.Debug|Any CPU.Build.0 = Debug|Any CPU
		{399B3170-14F8-48ED-A211-8C1E1D03A59C}.Release|Any CPU.ActiveCfg = Release|Any CPU
		{399B3170-14F8-48ED-A211-8C1E1D03A59C}.Release|Any CPU.Build.0 = Release|Any CPU
	EndGlobalSection
	GlobalSection(SolutionProperties) = preSolution
		HideSolutionNode = FALSE
	EndGlobalSection
	GlobalSection(ExtensibilityGlobals) = postSolution
		SolutionGuid = {E99E4CC6-79DB-4964-8110-C6DD5FC50733}
	EndGlobalSection
EndGlobal
