
Microsoft Visual Studio Solution File, Format Version 12.00
# Visual Studio 15
VisualStudioVersion = 15.0.28010.2026
MinimumVisualStudioVersion = 10.0.40219.1
Project("{FAE04EC0-301F-11D3-BF4B-00C04F79EFBC}") = "24SumOfTheDigits", "24SumOfTheDigits\24SumOfTheDigits.csproj", "{369D1E4C-3964-47C0-8CB0-B9F57706363D}"
EndProject
Global
	GlobalSection(SolutionConfigurationPlatforms) = preSolution
		Debug|Any CPU = Debug|Any CPU
		Release|Any CPU = Release|Any CPU
	EndGlobalSection
	GlobalSection(ProjectConfigurationPlatforms) = postSolution
		{369D1E4C-3964-47C0-8CB0-B9F57706363D}.Debug|Any CPU.ActiveCfg = Debug|Any CPU
		{369D1E4C-3964-47C0-8CB0-B9F57706363D}.Debug|Any CPU.Build.0 = Debug|Any CPU
		{369D1E4C-3964-47C0-8CB0-B9F57706363D}.Release|Any CPU.ActiveCfg = Release|Any CPU
		{369D1E4C-3964-47C0-8CB0-B9F57706363D}.Release|Any CPU.Build.0 = Release|Any CPU
	EndGlobalSection
	GlobalSection(SolutionProperties) = preSolution
		HideSolutionNode = FALSE
	EndGlobalSection
	GlobalSection(ExtensibilityGlobals) = postSolution
		SolutionGuid = {6C20D585-983E-4F09-ABF1-D959471F3CD0}
	EndGlobalSection
EndGlobal
